
Microsoft Visual Studio Solution File, Format Version 12.00
# Visual Studio Version 16
VisualStudioVersion = 16.0.31727.386
MinimumVisualStudioVersion = 10.0.40219.1
Project("{FAE04EC0-301F-11D3-BF4B-00C04F79EFBC}") = "Motorcycles", "Motorcycles.csproj", "{65B8F53B-A630-42B9-B911-C29D507858DD}"
EndProject
Global
	GlobalSection(SolutionConfigurationPlatforms) = preSolution
		Debug|Any CPU = Debug|Any CPU
		Release|Any CPU = Release|Any CPU
	EndGlobalSection
	GlobalSection(ProjectConfigurationPlatforms) = postSolution
		{65B8F53B-A630-42B9-B911-C29D507858DD}.Debug|Any CPU.ActiveCfg = Debug|Any CPU
		{65B8F53B-A630-42B9-B911-C29D507858DD}.Debug|Any CPU.Build.0 = Debug|Any CPU
		{65B8F53B-A630-42B9-B911-C29D507858DD}.Release|Any CPU.ActiveCfg = Release|Any CPU
		{65B8F53B-A630-42B9-B911-C29D507858DD}.Release|Any CPU.Build.0 = Release|Any CPU
	EndGlobalSection
	GlobalSection(SolutionProperties) = preSolution
		HideSolutionNode = FALSE
	EndGlobalSection
	GlobalSection(ExtensibilityGlobals) = postSolution
		SolutionGuid = {7F7A39C6-864F-453B-A4AD-6D56986395F7}
	EndGlobalSection
EndGlobal
